# This file is automatically @generated by Cargo.
# It is not intended for manual editing.
version = 4

[[package]]
name = "acpi"
version = "5.2.0"
source = "registry+https://github.com/rust-lang/crates.io-index"
checksum = "94476c7ef97af4c4d998b3f422c1b01d5211aad57c80ed200baf148d1f1efab6"
dependencies = [
 "bit_field",
 "bitflags 2.13.1",
 "log",
]

[[package]]
name = "anstream"
version = "1.0.0"
source = "registry+https://github.com/rust-lang/crates.io-index"
checksum = "824a212faf96e9acacdbd09febd34438f8f711fb84e09a8916013cd7815ca28d"
dependencies = [
 "anstyle",
 "anstyle-parse",
 "anstyle-query",
 "anstyle-wincon",
 "colorchoice",
 "is_terminal_polyfill",
 "utf8parse",
]

[[package]]
name = "anstyle"
version = "1.0.14"
source = "registry+https://github.com/rust-lang/crates.io-index"
checksum = "940b3a0ca603d1eade50a4846a2afffd5ef57a9feac2c0e2ec2e14f9ead76000"

[[package]]
name = "anstyle-parse"
version = "1.0.0"
source = "registry+https://github.com/rust-lang/crates.io-index"
checksum = "52ce7f38b242319f7cabaa6813055467063ecdc9d355bbb4ce0c68908cd8130e"
dependencies = [
 "utf8parse",
]

[[package]]
name = "anstyle-query"
version = "1.1.5"
source = "registry+https://github.com/rust-lang/crates.io-index"
checksum = "40c48f72fd53cd289104fc64099abca73db4166ad86ea0b4341abe65af83dadc"
dependencies = [
 "windows-sys",
]

[[package]]
name = "anstyle-wincon"
version = "3.0.11"
source = "registry+https://github.com/rust-lang/crates.io-index"
checksum = "291e6a250ff86cd4a820112fb8898808a366d8f9f58ce16d1f538353ad55747d"
dependencies = [
 "anstyle",
 "once_cell_polyfill",
 "windows-sys",
]

[[package]]
name = "anyhow"
version = "1.0.103"
source = "registry+https://github.com/rust-lang/crates.io-index"
checksum = "2a4385e2e34eb35d6b3efe798b9eb88096925d87726c0798709bf56d9ed84af3"

[[package]]
name = "async-lock"
version = "3.4.2"
source = "registry+https://github.com/rust-lang/crates.io-index"
checksum = "290f7f2596bd5b78a9fec8088ccd89180d7f9f55b94b0576823bbbdc72ee8311"
dependencies = [
 "event-listener",
 "event-listener-strategy",
 "pin-project-lite",
]

[[package]]
name = "async-trait"
version = "0.1.91"
source = "registry+https://github.com/rust-lang/crates.io-index"
checksum = "ae36dc4177970ef04fde5178d3e2429882def40e57a451f919c098f72baa6cec"
dependencies = [
 "proc-macro2",
 "quote",
 "syn 3.0.0",
]

[[package]]
name = "autocfg"
version = "1.5.1"
source = "registry+https://github.com/rust-lang/crates.io-index"
checksum = "f2032f911046de80f0a198e0901378627c33f59ea0ac00e363d481118bd70a53"

[[package]]
name = "az"
version = "1.2.1"
source = "registry+https://github.com/rust-lang/crates.io-index"
checksum = "7b7e4c2464d97fe331d41de9d5db0def0a96f4d823b8b32a2efd503578988973"

[[package]]
name = "bit"
version = "0.1.1"
source = "registry+https://github.com/rust-lang/crates.io-index"
checksum = "2b645c5c09a7d4035949cfce1a915785aaad6f17800c35fda8a8c311c491f284"

[[package]]
name = "bit_field"
version = "0.10.3"
source = "registry+https://github.com/rust-lang/crates.io-index"
checksum = "1e4b40c7323adcfc0a41c4b88143ed58346ff65a288fc144329c5c45e05d70c6"

[[package]]
name = "bitflags"
version = "1.3.2"
source = "registry+https://github.com/rust-lang/crates.io-index"
checksum = "bef38d45163c2f1dde094a7dfd33ccf595c92905c8f8f4fdc18d06fb1037718a"

[[package]]
name = "bitflags"
version = "2.13.1"
source = "registry+https://github.com/rust-lang/crates.io-index"
checksum = "b588b76d00fde79687d7646a9b5bdf3cc0f655e0bbd080335a95d7e96f3587da"

[[package]]
name = "buddy_system_allocator"
version = "0.13.0"
source = "registry+https://github.com/rust-lang/crates.io-index"
checksum = "c1af5a01adeeade54c9f5060300227a8ee64c05b6376f28e9b8ee3b72dd2056f"

[[package]]
name = "byteorder"
version = "1.5.0"
source = "registry+https://github.com/rust-lang/crates.io-index"
checksum = "1fd0f2584146f6f2ef48085050886acf353beff7305ebd1ae69500e27c67f64b"

[[package]]
name = "clap"
version = "4.6.2"
source = "registry+https://github.com/rust-lang/crates.io-index"
checksum = "dd059f9da4f5c36b3787f65d38ccaab1cc315f07b01f89abc8359ee6a8205011"
dependencies = [
 "clap_builder",
 "clap_derive",
]

[[package]]
name = "clap_builder"
version = "4.6.2"
source = "registry+https://github.com/rust-lang/crates.io-index"
checksum = "f09628afdcc538b57f3c6341e9c8e9970f18e4a481690a64974d7023bd33548b"
dependencies = [
 "anstream",
 "anstyle",
 "clap_lex",
 "strsim",
]

[[package]]
name = "clap_derive"
version = "4.6.1"
source = "registry+https://github.com/rust-lang/crates.io-index"
checksum = "f2ce8604710f6733aa641a2b3731eaa1e8b3d9973d5e3565da11800813f997a9"
dependencies = [
 "heck",
 "proc-macro2",
 "quote",
 "syn 2.0.119",
]

[[package]]
name = "clap_lex"
version = "1.1.0"
source = "registry+https://github.com/rust-lang/crates.io-index"
checksum = "c8d4a3bb8b1e0c1050499d1815f5ab16d04f0959b233085fb31653fbfc9d98f9"

[[package]]
name = "colorchoice"
version = "1.0.5"
source = "registry+https://github.com/rust-lang/crates.io-index"
checksum = "1d07550c9036bf2ae0c684c4297d503f838287c83c53686d05370d0e139ae570"

[[package]]
name = "concurrent-queue"
version = "2.5.0"
source = "registry+https://github.com/rust-lang/crates.io-index"
checksum = "4ca0197aee26d1ae37445ee532fefce43251d24cc7c166799f4d46817f1d3973"
dependencies = [
 "crossbeam-utils",
]

[[package]]
name = "const_fn"
version = "0.4.12"
source = "registry+https://github.com/rust-lang/crates.io-index"
checksum = "413d67b29ef1021b4d60f4aa1e925ca031751e213832b4b1d588fae623c05c60"

[[package]]
name = "crc"
version = "3.4.0"
source = "registry+https://github.com/rust-lang/crates.io-index"
checksum = "5eb8a2a1cd12ab0d987a5d5e825195d372001a4094a0376319d5a0ad71c1ba0d"
dependencies = [
 "crc-catalog",
]

[[package]]
name = "crc-catalog"
version = "2.5.0"
source = "registry+https://github.com/rust-lang/crates.io-index"
checksum = "217698eaf96b4a3f0bc4f3662aaa55bdf913cd54d7204591faa790070c6d0853"

[[package]]
name = "crossbeam-utils"
version = "0.8.22"
source = "registry+https://github.com/rust-lang/crates.io-index"
checksum = "61803da095bee82a81bb1a452ecc25d3b2f1416d1897eb86430c6159ef717c17"

[[package]]
name = "embedded-bitmap-fonts"
version = "0.1.1"
source = "registry+https://github.com/rust-lang/crates.io-index"
checksum = "54211cbfdc5c61ccb33c737558194466e9b378f52aa2e79d08c91652520780a7"
dependencies = [
 "embedded-graphics",
]

[[package]]
name = "embedded-graphics"
version = "0.8.2"
source = "registry+https://github.com/rust-lang/crates.io-index"
checksum = "4e8da660bb0c829b34a56a965490597f82a55e767b91f9543be80ce8ccb416fe"
dependencies = [
 "az",
 "byteorder",
 "embedded-graphics-core",
 "float-cmp",
 "micromath",
]

[[package]]
name = "embedded-graphics-core"
version = "0.4.1"
source = "registry+https://github.com/rust-lang/crates.io-index"
checksum = "95743bef3ff70fcba3930246c4e6872882bbea0dcc6da2ca860112e0cd4bd09f"
dependencies = [
 "az",
 "byteorder",
]

[[package]]
name = "event-listener"
version = "5.4.1"
source = "registry+https://github.com/rust-lang/crates.io-index"
checksum = "e13b66accf52311f30a0db42147dadea9850cb48cd070028831ae5f5d4b856ab"
dependencies = [
 "concurrent-queue",
 "pin-project-lite",
]

[[package]]
name = "event-listener-strategy"
version = "0.5.4"
source = "registry+https://github.com/rust-lang/crates.io-index"
checksum = "8be9f3dfaaffdae2972880079a491a1a8bb7cbed0b8dd7a347f668b4150a3b93"
dependencies = [
 "event-listener",
 "pin-project-lite",
]

[[package]]
name = "ext4plus"
version = "0.1.0-rc.2"
source = "registry+https://github.com/rust-lang/crates.io-index"
checksum = "6c83a722564b63b6ed4265a3bff5888bc50ce66c2f7eccb33e716d384a884144"
dependencies = [
 "async-lock",
 "async-trait",
 "bitflags 2.13.1",
 "crc",
 "maybe-async",
 "spin 0.10.1",
]

[[package]]
name = "float-cmp"
version = "0.9.0"
source = "registry+https://github.com/rust-lang/crates.io-index"
checksum = "98de4bbd547a563b716d8dfa9aad1cb19bfab00f4fa09a6a4ed21dbcf44ce9c4"
dependencies = [
 "num-traits",
]

[[package]]
name = "hash32"
version = "0.3.1"
source = "registry+https://github.com/rust-lang/crates.io-index"
checksum = "47d60b12902ba28e2730cd37e95b8c9223af2808df9e902d4df49588d1470606"
dependencies = [
 "byteorder",
]

[[package]]
name = "heapless"
version = "0.9.3"
source = "registry+https://github.com/rust-lang/crates.io-index"
checksum = "25ba4bd83f9415b58b4ed8dc5714c76e626a105be4646c02630ad730ad3b5aa4"
dependencies = [
 "hash32",
 "stable_deref_trait",
]

[[package]]
name = "heck"
version = "0.5.0"
source = "registry+https://github.com/rust-lang/crates.io-index"
checksum = "2304e00983f87ffb38b55b444b5e3b60a884b5d30c0fca7d82fe33449bbe55ea"

[[package]]
name = "is_terminal_polyfill"
version = "1.70.2"
source = "registry+https://github.com/rust-lang/crates.io-index"
checksum = "a6cb138bb79a146c1bd460005623e142ef0181e3d0219cb493e02f7d08a35695"

[[package]]
name = "limine"
version = "0.6.5"
source = "registry+https://github.com/rust-lang/crates.io-index"
checksum = "29363c0f37e66e18575fadf7141c56ee7ea04ae5fecbeb25eff303f77af203a9"

[[package]]
name = "linkme"
version = "0.3.36"
source = "registry+https://github.com/rust-lang/crates.io-index"
checksum = "e83272d46373fb8decca684579ac3e7c8f3d71d4cc3aa693df8759e260ae41cf"
dependencies = [
 "linkme-impl",
]

[[package]]
name = "linkme-impl"
version = "0.3.36"
source = "registry+https://github.com/rust-lang/crates.io-index"
checksum = "32d59e20403c7d08fe62b4376edfe5c7fb2ef1e6b1465379686d0f21c8df444b"
dependencies = [
 "proc-macro2",
 "quote",
 "syn 2.0.119",
]

[[package]]
name = "lock_api"
version = "0.4.14"
source = "registry+https://github.com/rust-lang/crates.io-index"
checksum = "224399e74b87b5f3557511d98dff8b14089b3dadafcab6bb93eab67d3aace965"
dependencies = [
 "scopeguard",
]

[[package]]
name = "log"
version = "0.4.33"
source = "registry+https://github.com/rust-lang/crates.io-index"
checksum = "0ceec5bc11778974d1bcb055b18002eba7f4b3518b6a0081b3af5f21666da9ad"

[[package]]
name = "maybe-async"
version = "0.2.11"
source = "registry+https://github.com/rust-lang/crates.io-index"
checksum = "746873a384ad60adc5db74471dfaba74bd278afbdcfd81db93fafcdfc8b5ca0c"
dependencies = [
 "proc-macro2",
 "quote",
 "syn 2.0.119",
]

[[package]]
name = "memchr"
version = "2.8.3"
source = "registry+https://github.com/rust-lang/crates.io-index"
checksum = "cf8baf1c55e62ffcace7a9f06f4bd9cd3f0c4beb022d3b367256b91b87513d98"

[[package]]
name = "micromath"
version = "2.1.0"
source = "registry+https://github.com/rust-lang/crates.io-index"
checksum = "c3c8dda44ff03a2f238717214da50f65d5a53b45cd213a7370424ffdb6fae815"

[[package]]
name = "num-traits"
version = "0.2.19"
source = "registry+https://github.com/rust-lang/crates.io-index"
checksum = "071dfc062690e90b734c0b2273ce72ad0ffa95f0c74596bc250dcfd960262841"
dependencies = [
 "autocfg",
]

[[package]]
name = "object"
version = "0.39.1"
source = "registry+https://github.com/rust-lang/crates.io-index"
checksum = "2e5a6c098c7a3b6547378093f5cc30bc54fd361ce711e05293a5cc589562739b"
dependencies = [
 "memchr",
]

[[package]]
name = "once_cell_polyfill"
version = "1.70.2"
source = "registry+https://github.com/rust-lang/crates.io-index"
checksum = "384b8ab6d37215f3c5301a95a4accb5d64aa607f1fcb26a11b5303878451b4fe"

[[package]]
name = "paste"
version = "1.0.15"
source = "registry+https://github.com/rust-lang/crates.io-index"
checksum = "57c0d7b74b563b49d38dae00a0c37d4d6de9b432382b2892f0574ddcae73fd0a"

[[package]]
name = "pc-keyboard"
version = "0.9.0"
source = "registry+https://github.com/rust-lang/crates.io-index"
checksum = "73c53b65bbadd653c9d125e745d2659a3a060539b17d96ab1c59f9f5bfdacce5"

[[package]]
name = "pin-project-lite"
version = "0.2.17"
source = "registry+https://github.com/rust-lang/crates.io-index"
checksum = "a89322df9ebe1c1578d689c92318e070967d1042b512afbe49518723f4e6d5cd"

[[package]]
name = "proc-macro2"
version = "1.0.106"
source = "registry+https://github.com/rust-lang/crates.io-index"
checksum = "8fd00f0bb2e90d81d1044c2b32617f68fcb9fa3bb7640c23e9c748e53fb30934"
dependencies = [
 "unicode-ident",
]

[[package]]
name = "qemu-exit"
version = "4.0.0"
source = "registry+https://github.com/rust-lang/crates.io-index"
checksum = "8189cbf0422ac15d7d544ed5f331fbe4e5b9da88133568fd359083b186a547f3"

[[package]]
name = "quote"
version = "1.0.46"
source = "registry+https://github.com/rust-lang/crates.io-index"
checksum = "dfbc457d0c7a0759a614551b11a6409e5951f6c7537be1f1b7682b9ae9230368"
dependencies = [
 "proc-macro2",
]

[[package]]
name = "raw-cpuid"
version = "10.7.0"
source = "registry+https://github.com/rust-lang/crates.io-index"
checksum = "6c297679cb867470fa8c9f67dbba74a78d78e3e98d7cf2b08d6d71540f797332"
dependencies = [
 "bitflags 1.3.2",
]

[[package]]
name = "roxy-arch"
version = "0.1.0"
dependencies = [
 "linkme",
 "roxy-test",
 "spin 0.12.2",
 "tap",
 "x86_64",
]

[[package]]
name = "roxy-block"
version = "0.1.0"
dependencies = [
 "linkme",
 "roxy-test",
 "roxy-utils",
]

[[package]]
name = "roxy-boot"
version = "0.1.0"
dependencies = [
 "heapless",
 "limine",
 "linkme",
 "roxy-arch",
 "roxy-test",
]

[[package]]
name = "roxy-cpu"
version = "0.1.0"
dependencies = [
 "linkme",
 "roxy-arch",
 "roxy-test",
 "roxy-utils",
 "spin 0.12.2",
]

[[package]]
name = "roxy-elf"
version = "0.1.0"
dependencies = [
 "linkme",
 "object",
 "roxy-memory",
 "roxy-test",
 "roxy-vm",
]

[[package]]
name = "roxy-ext4"
version = "0.1.0"
dependencies = [
 "ext4plus",
 "linkme",
 "roxy-block",
 "roxy-test",
 "roxy-time",
 "roxy-utils",
 "roxy-vfs",
 "spin 0.12.2",
]

[[package]]
name = "roxy-fbterm"
version = "0.1.0"
dependencies = [
 "embedded-bitmap-fonts",
 "embedded-graphics",
 "linkme",
 "roxy-arch",
 "roxy-boot",
 "roxy-fd",
 "roxy-ps2",
 "roxy-terminal",
 "roxy-test",
 "spin 0.12.2",
]

[[package]]
name = "roxy-fd"
version = "0.1.0"
dependencies = [
 "linkme",
 "roxy-test",
 "roxy-utils",
 "roxy-vfs",
]

[[package]]
name = "roxy-futex"
version = "0.1.0"
dependencies = [
 "linkme",
 "roxy-memory",
 "roxy-test",
 "roxy-thread",
 "roxy-utils",
 "roxy-vm",
]

[[package]]
name = "roxy-interrupt"
version = "0.1.0"
dependencies = [
 "acpi",
 "linkme",
 "roxy-arch",
 "roxy-cpu",
 "roxy-test",
 "roxy-utils",
 "spin 0.12.2",
 "x2apic",
 "x86_64",
]

[[package]]
name = "roxy-kernel"
version = "0.1.0"
dependencies = [
 "linkme",
 "qemu-exit",
 "roxy-arch",
 "roxy-block",
 "roxy-boot",
 "roxy-cpu",
 "roxy-elf",
 "roxy-ext4",
 "roxy-fbterm",
 "roxy-fd",
 "roxy-futex",
 "roxy-interrupt",
 "roxy-memory",
 "roxy-process",
 "roxy-ps2",
 "roxy-serial",
 "roxy-syscall",
 "roxy-terminal",
 "roxy-test",
 "roxy-thread",
 "roxy-time",
 "roxy-vfs",
 "roxy-vm",
 "spin 0.12.2",
]

[[package]]
name = "roxy-memory"
version = "0.1.0"
dependencies = [
 "bitflags 2.13.1",
 "buddy_system_allocator",
 "linkme",
 "roxy-arch",
 "roxy-boot",
 "roxy-test",
 "roxy-utils",
 "spin 0.12.2",
 "x86_64",
]

[[package]]
name = "roxy-process"
version = "0.1.0"
dependencies = [
 "linkme",
 "roxy-arch",
 "roxy-elf",
 "roxy-fd",
 "roxy-memory",
 "roxy-test",
 "roxy-thread",
 "roxy-utils",
 "roxy-vfs",
 "roxy-vm",
 "spin 0.12.2",
]

[[package]]
name = "roxy-ps2"
version = "0.1.0"
dependencies = [
 "heapless",
 "linkme",
 "pc-keyboard",
 "roxy-arch",
 "roxy-interrupt",
 "roxy-test",
 "roxy-utils",
 "x86_64",
]

[[package]]
name = "roxy-serial"
version = "0.1.0"
dependencies = [
 "roxy-arch",
 "roxy-fd",
 "roxy-terminal",
 "roxy-utils",
 "spin 0.12.2",
 "uart_16550",
]

[[package]]
name = "roxy-syscall"
version = "0.1.0"
dependencies = [
 "bitflags 2.13.1",
 "linkme",
 "roxy-arch",
 "roxy-fd",
 "roxy-futex",
 "roxy-memory",
 "roxy-process",
 "roxy-test",
 "roxy-thread",
 "roxy-time",
 "roxy-utils",
 "roxy-vfs",
 "roxy-vm",
]

[[package]]
name = "roxy-terminal"
version = "0.1.0"
dependencies = [
 "linkme",
 "roxy-fd",
 "roxy-test",
 "roxy-utils",
 "spin 0.12.2",
]

[[package]]
name = "roxy-test"
version = "0.1.0"
dependencies = [
 "linkme",
]

[[package]]
name = "roxy-thread"
version = "0.1.0"
dependencies = [
 "linkme",
 "roxy-arch",
 "roxy-interrupt",
 "roxy-memory",
 "roxy-test",
 "roxy-utils",
 "roxy-vm",
 "spin 0.12.2",
]

[[package]]
name = "roxy-time"
version = "0.1.0"
dependencies = [
 "linkme",
 "roxy-arch",
 "roxy-cpu",
 "roxy-interrupt",
 "roxy-test",
 "roxy-utils",
 "spin 0.12.2",
 "x2apic",
 "x86_64",
]

[[package]]
name = "roxy-utils"
version = "0.1.0"
dependencies = [
 "roxy-arch",
 "spin 0.12.2",
]

[[package]]
name = "roxy-vfs"
version = "0.1.0"
dependencies = [
 "linkme",
 "roxy-test",
 "roxy-utils",
 "spin 0.12.2",
]

[[package]]
name = "roxy-vm"
version = "0.1.0"
dependencies = [
 "linkme",
 "roxy-memory",
 "roxy-test",
 "roxy-utils",
]

[[package]]
name = "rustversion"
version = "1.0.23"
source = "registry+https://github.com/rust-lang/crates.io-index"
checksum = "cf54715a573b99ac80df0bc206da022bcd442c974952c7b9720069370852e21f"

[[package]]
name = "scopeguard"
version = "1.2.0"
source = "registry+https://github.com/rust-lang/crates.io-index"
checksum = "94143f37725109f92c262ed2cf5e59bce7498c01bcc1502d7b9afe439a4e9f49"

[[package]]
name = "spin"
version = "0.10.1"
source = "registry+https://github.com/rust-lang/crates.io-index"
checksum = "023a211cb3138dbc438680b32560ad89f699977624c9f8dbb95a47d5b4c07dd3"
dependencies = [
 "lock_api",
]

[[package]]
name = "spin"
version = "0.12.2"
source = "registry+https://github.com/rust-lang/crates.io-index"
checksum = "8abadc99fd9c7bbb7d0ca2b31d72a067d0c0dcd7aad25ab8cac71ba91417694b"

[[package]]
name = "stable_deref_trait"
version = "1.2.1"
source = "registry+https://github.com/rust-lang/crates.io-index"
checksum = "6ce2be8dc25455e1f91df71bfa12ad37d7af1092ae736f3a6cd0e37bc7810596"

[[package]]
name = "strsim"
version = "0.11.1"
source = "registry+https://github.com/rust-lang/crates.io-index"
checksum = "7da8b5736845d9f2fcb837ea5d9e2628564b3b043a70948a3f0b778838c5fb4f"

[[package]]
name = "syn"
version = "2.0.119"
source = "registry+https://github.com/rust-lang/crates.io-index"
checksum = "872831b642d1a07999a962a351ed35b955ea2cfc8f3862091e2a240a84f17297"
dependencies = [
 "proc-macro2",
 "quote",
 "unicode-ident",
]

[[package]]
name = "syn"
version = "3.0.0"
source = "registry+https://github.com/rust-lang/crates.io-index"
checksum = "f2fac314a64dc9a36e61a9eb4261a5e9bbfbc922b27e518af97bc32b926cf967"
dependencies = [
 "proc-macro2",
 "quote",
 "unicode-ident",
]

[[package]]
name = "tap"
version = "1.0.1"
source = "registry+https://github.com/rust-lang/crates.io-index"
checksum = "55937e1799185b12863d447f42597ed69d9928686b8d88a1df17376a097d8369"

[[package]]
name = "uart_16550"
version = "0.6.0"
source = "registry+https://github.com/rust-lang/crates.io-index"
checksum = "22ee77075ecbc5e1c9b1236d03ff013dd77c7bb06da181c5c44f1f39b6cf3ff2"
dependencies = [
 "bitflags 2.13.1",
]

[[package]]
name = "unicode-ident"
version = "1.0.24"
source = "registry+https://github.com/rust-lang/crates.io-index"
checksum = "e6e4313cd5fcd3dad5cafa179702e2b244f760991f45397d14d4ebf38247da75"

[[package]]
name = "utf8parse"
version = "0.2.2"
source = "registry+https://github.com/rust-lang/crates.io-index"
checksum = "06abde3611657adf66d383f00b093d7faecc7fa57071cce2578660c9f1010821"

[[package]]
name = "volatile"
version = "0.4.6"
source = "registry+https://github.com/rust-lang/crates.io-index"
checksum = "442887c63f2c839b346c192d047a7c87e73d0689c9157b00b53dcc27dd5ea793"

[[package]]
name = "windows-link"
version = "0.2.1"
source = "registry+https://github.com/rust-lang/crates.io-index"
checksum = "f0805222e57f7521d6a62e36fa9163bc891acd422f971defe97d64e70d0a4fe5"

[[package]]
name = "windows-sys"
version = "0.61.2"
source = "registry+https://github.com/rust-lang/crates.io-index"
checksum = "ae137229bcbd6cdf0f7b80a31df61766145077ddf49416a728b02cb3921ff3fc"
dependencies = [
 "windows-link",
]

[[package]]
name = "x2apic"
version = "0.5.0"
source = "registry+https://github.com/rust-lang/crates.io-index"
checksum = "db5cbcb7faedfa15f90376004ffc0cb42e427623ab56629f0073d275ee8e7043"
dependencies = [
 "bit",
 "bitflags 1.3.2",
 "paste",
 "raw-cpuid",
 "x86_64",
]

[[package]]
name = "x86_64"
version = "0.15.5"
source = "registry+https://github.com/rust-lang/crates.io-index"
checksum = "be4ec631e1a81d50e46c35a4a00322bd076c47491b64c2fb10a7ffa89002c697"
dependencies = [
 "bit_field",
 "bitflags 2.13.1",
 "const_fn",
 "rustversion",
 "volatile",
]

[[package]]
name = "xshell"
version = "0.2.7"
source = "registry+https://github.com/rust-lang/crates.io-index"
checksum = "9e7290c623014758632efe00737145b6867b66292c42167f2ec381eb566a373d"
dependencies = [
 "xshell-macros",
]

[[package]]
name = "xshell-macros"
version = "0.2.7"
source = "registry+https://github.com/rust-lang/crates.io-index"
checksum = "32ac00cd3f8ec9c1d33fb3e7958a82df6989c42d747bd326c822b1d625283547"

[[package]]
name = "xtask"
version = "0.1.0"
dependencies = [
 "anyhow",
 "clap",
 "xshell",
]
